Microsoft Visual Studio Solution File, Format Version 12.00
# Visual Studio Version 17
VisualStudioVersion = 17.12.35521.163
MinimumVisualStudioVersion = 10.0.40219.1
Project("{FAE04EC0-301F-11D3-BF4B-00C04F79EFBC}") = "ConsoleApp", "ConsoleApp\ConsoleApp.csproj", "{0A0B9048-A158-4EF9-860C-591752B8EF81}"
EndProject
Project("{FAE04EC0-301F-11D3-BF4B-00C04F79EFBC}") = "TestProject1", "TestProject1\TestProject1.csproj", "{1CEB2A0C-D78C-4BE2-987E-867BC51C93C6}"
EndProject
Project("{FAE04EC0-301F-11D3-BF4B-00C04F79EFBC}") = "LibCalcolatrice", "LibCalcolatrice\LibCalcolatrice.csproj", "{E7224CB1-3283-4AC3-BE06-61B4E980FBE7}"
EndProject
Project("{FAE04EC0-301F-11D3-BF4B-00C04F79EFBC}") = "TestCalcolatrice", "TestCalcolatrice\TestCalcolatrice.csproj", "{2891213A-F67F-488D-B76C-5420CD97DCC9}"
EndProject
Global
	GlobalSection(SolutionConfigurationPlatforms) = preSolution
		Debug|Any CPU = Debug|Any CPU
		Release|Any CPU = Release|Any CPU
	EndGlobalSection
	GlobalSection(ProjectConfigurationPlatforms) = postSolution
		{0A0B9048-A158-4EF9-860C-591752B8EF81}.Debug|Any CPU.ActiveCfg = Debug|Any CPU
		{0A0B9048-A158-4EF9-860C-591752B8EF81}.Debug|Any CPU.Build.0 = Debug|Any CPU
		{0A0B9048-A158-4EF9-860C-591752B8EF81}.Release|Any CPU.ActiveCfg = Release|Any CPU
		{0A0B9048-A158-4EF9-860C-591752B8EF81}.Release|Any CPU.Build.0 = Release|Any CPU
		{1CEB2A0C-D78C-4BE2-987E-867BC51C93C6}.Debug|Any CPU.ActiveCfg = Debug|Any CPU
		{1CEB2A0C-D78C-4BE2-987E-867BC51C93C6}.Debug|Any CPU.Build.0 = Debug|Any CPU
		{1CEB2A0C-D78C-4BE2-987E-867BC51C93C6}.Release|Any CPU.ActiveCfg = Release|Any CPU
		{1CEB2A0C-D78C-4BE2-987E-867BC51C93C6}.Release|Any CPU.Build.0 = Release|Any CPU
		{E7224CB1-3283-4AC3-BE06-61B4E980FBE7}.Debug|Any CPU.ActiveCfg = Debug|Any CPU
		{E7224CB1-3283-4AC3-BE06-61B4E980FBE7}.Debug|Any CPU.Build.0 = Debug|Any CPU
		{E7224CB1-3283-4AC3-BE06-61B4E980FBE7}.Release|Any CPU.ActiveCfg = Release|Any CPU
		{E7224CB1-3283-4AC3-BE06-61B4E980FBE7}.Release|Any CPU.Build.0 = Release|Any CPU
		{2891213A-F67F-488D-B76C-5420CD97DCC9}.Debug|Any CPU.ActiveCfg = Debug|Any CPU
		{2891213A-F67F-488D-B76C-5420CD97DCC9}.Debug|Any CPU.Build.0 = Debug|Any CPU
		{2891213A-F67F-488D-B76C-5420CD97DCC9}.Release|Any CPU.ActiveCfg = Release|Any CPU
		{2891213A-F67F-488D-B76C-5420CD97DCC9}.Release|Any CPU.Build.0 = Release|Any CPU
	EndGlobalSection
	GlobalSection(SolutionProperties) = preSolution
		HideSolutionNode = FALSE
	EndGlobalSection
EndGlobal
